
Microsoft Visual Studio Solution File, Format Version 12.00
# Visual Studio Version 17
VisualStudioVersion = 17.0.31903.59
MinimumVisualStudioVersion = 10.0.40219.1
Project("{2150E333-8FDC-42A3-9474-1A3956D46DE8}") = "src", "src", "{B217BAFF-A88F-4D3A-BE3D-F5CDF8672F21}"
EndProject
Project("{FAE04EC0-301F-11D3-BF4B-00C04F79EFBC}") = "KeepAwakeTray.Core", "src\KeepAwakeTray.Core\KeepAwakeTray.Core.csproj", "{4DF6E5D5-0AF5-443E-88E4-B42B477D0D70}"
EndProject
Project("{2150E333-8FDC-42A3-9474-1A3956D46DE8}") = "tests", "tests", "{2AE5BF98-7EB5-4898-A2C9-61C430A7D8E5}"
EndProject
Project("{FAE04EC0-301F-11D3-BF4B-00C04F79EFBC}") = "KeepAwakeTray.Core.Tests", "tests\KeepAwakeTray.Core.Tests\KeepAwakeTray.Core.Tests.csproj", "{C18E56EC-CBAA-40C6-90B0-BA0A822B217E}"
EndProject
Project("{FAE04EC0-301F-11D3-BF4B-00C04F79EFBC}") = "KeepAwakeTray.Windows", "src\KeepAwakeTray.Windows\KeepAwakeTray.Windows.csproj", "{88C028EF-EC73-44DB-92CB-04B48846C4E1}"
EndProject
Global
	GlobalSection(SolutionConfigurationPlatforms) = preSolution
		Debug|Any CPU = Debug|Any CPU
		Release|Any CPU = Release|Any CPU
	EndGlobalSection
	GlobalSection(SolutionProperties) = preSolution
		HideSolutionNode = FALSE
	EndGlobalSection
	GlobalSection(ProjectConfigurationPlatforms) = postSolution
		{4DF6E5D5-0AF5-443E-88E4-B42B477D0D70}.Debug|Any CPU.ActiveCfg = Debug|Any CPU
		{4DF6E5D5-0AF5-443E-88E4-B42B477D0D70}.Debug|Any CPU.Build.0 = Debug|Any CPU
		{4DF6E5D5-0AF5-443E-88E4-B42B477D0D70}.Release|Any CPU.ActiveCfg = Release|Any CPU
		{4DF6E5D5-0AF5-443E-88E4-B42B477D0D70}.Release|Any CPU.Build.0 = Release|Any CPU
		{C18E56EC-CBAA-40C6-90B0-BA0A822B217E}.Debug|Any CPU.ActiveCfg = Debug|Any CPU
		{C18E56EC-CBAA-40C6-90B0-BA0A822B217E}.Debug|Any CPU.Build.0 = Debug|Any CPU
		{C18E56EC-CBAA-40C6-90B0-BA0A822B217E}.Release|Any CPU.ActiveCfg = Release|Any CPU
		{C18E56EC-CBAA-40C6-90B0-BA0A822B217E}.Release|Any CPU.Build.0 = Release|Any CPU
		{88C028EF-EC73-44DB-92CB-04B48846C4E1}.Debug|Any CPU.ActiveCfg = Debug|Any CPU
		{88C028EF-EC73-44DB-92CB-04B48846C4E1}.Debug|Any CPU.Build.0 = Debug|Any CPU
		{88C028EF-EC73-44DB-92CB-04B48846C4E1}.Release|Any CPU.ActiveCfg = Release|Any CPU
		{88C028EF-EC73-44DB-92CB-04B48846C4E1}.Release|Any CPU.Build.0 = Release|Any CPU
	EndGlobalSection
	GlobalSection(NestedProjects) = preSolution
		{4DF6E5D5-0AF5-443E-88E4-B42B477D0D70} = {B217BAFF-A88F-4D3A-BE3D-F5CDF8672F21}
		{C18E56EC-CBAA-40C6-90B0-BA0A822B217E} = {2AE5BF98-7EB5-4898-A2C9-61C430A7D8E5}
		{88C028EF-EC73-44DB-92CB-04B48846C4E1} = {B217BAFF-A88F-4D3A-BE3D-F5CDF8672F21}
	EndGlobalSection
EndGlobal
